// !$*UTF8*$!
{
	archiveVersion = 1;
	classes = {
	};
	objectVersion = 50;
	objects = {

/* Begin PBXBuildFile section */
		4E4501A02485657F00BD3F4E /* AppDelegate.swift in Sources */ = {isa = PBXBuildFile; fileRef = 4E45019F2485657F00BD3F4E /* AppDelegate.swift */; };
		4E4501A22485657F00BD3F4E /* SceneDelegate.swift in Sources */ = {isa = PBXBuildFile; fileRef = 4E4501A12485657F00BD3F4E /* SceneDelegate.swift */; };
		4E4501A42485657F00BD3F4E /* ViewController.swift in Sources */ = {isa = PBXBuildFile; fileRef = 4E4501A32485657F00BD3F4E /* ViewController.swift */; };
		4E4501A72485657F00BD3F4E /* Main.storyboard in Resources */ = {isa = PBXBuildFile; fileRef = 4E4501A52485657F00BD3F4E /* Main.storyboard */; };
		4E4501A92485658200BD3F4E /* Assets.xcassets in Resources */ = {isa = PBXBuildFile; fileRef = 4E4501A82485658200BD3F4E /* Assets.xcassets */; };
		4E4501AC2485658200BD3F4E /* LaunchScreen.storyboard in Resources */ = {isa = PBXBuildFile; fileRef = 4E4501AA2485658200BD3F4E /* LaunchScreen.storyboard */; };
		4E4501B72485658200BD3F4E /* TicTacToeiOSTests.swift in Sources */ = {isa = PBXBuildFile; fileRef = 4E4501B62485658200BD3F4E /* TicTacToeiOSTests.swift */; };
		4E4501C22485892400BD3F4E /* Icon.swift in Sources */ = {isa = PBXBuildFile; fileRef = 4E4501C12485892400BD3F4E /* Icon.swift */; };
		4E4501C42485912C00BD3F4E /* Board.swift in Sources */ = {isa = PBXBuildFile; fileRef = 4E4501C32485912C00BD3F4E /* Board.swift */; };
		4E4501CB2486A99800BD3F4E /* Game.swift in Sources */ = {isa = PBXBuildFile; fileRef = 4E4501CA2486A99800BD3F4E /* Game.swift */; };
		4E4501CD2486AB4C00BD3F4E /* BoardTests.swift in Sources */ = {isa = PBXBuildFile; fileRef = 4E4501CC2486AB4C00BD3F4E /* BoardTests.swift */; };
		4E4501CF2487255300BD3F4E /* GameTests.swift in Sources */ = {isa = PBXBuildFile; fileRef = 4E4501CE2487255300BD3F4E /* GameTests.swift */; };
/* End PBXBuildFile section */

/* Begin PBXContainerItemProxy section */
		4E4501B32485658200BD3F4E /* PBXContainerItemProxy */ = {
			isa = PBXContainerItemProxy;
			containerPortal = 4E4501942485657F00BD3F4E /* Project object */;
			proxyType = 1;
			remoteGlobalIDString = 4E45019B2485657F00BD3F4E;
			remoteInfo = TicTacToeiOS;
		};
/* End PBXContainerItemProxy section */

/* Begin PBXFileReference section */
		4E45019C2485657F00BD3F4E /* TicTacToeiOS.app */ = {isa = PBXFileReference; explicitFileType = wrapper.application; includeInIndex = 0; path = TicTacToeiOS.app; sourceTree = BUILT_PRODUCTS_DIR; };
		4E45019F2485657F00BD3F4E /* AppDelegate.swift */ = {isa = PBXFileReference; lastKnownFileType = sourcecode.swift; path = AppDelegate.swift; sourceTree = "<group>"; };
		4E4501A12485657F00BD3F4E /* SceneDelegate.swift */ = {isa = PBXFileReference; lastKnownFileType = sourcecode.swift; path = SceneDelegate.swift; sourceTree = "<group>"; };
		4E4501A32485657F00BD3F4E /* ViewController.swift */ = {isa = PBXFileReference; lastKnownFileType = sourcecode.swift; path = ViewController.swift; sourceTree = "<group>"; };
		4E4501A62485657F00BD3F4E /* Base */ = {isa = PBXFileReference; lastKnownFileType = file.storyboard; name = Base; path = Base.lproj/Main.storyboard; sourceTree = "<group>"; };
		4E4501A82485658200BD3F4E /* Assets.xcassets */ = {isa = PBXFileReference; lastKnownFileType = folder.assetcatalog; path = Assets.xcassets; sourceTree = "<group>"; };
		4E4501AB2485658200BD3F4E /* Base */ = {isa = PBXFileReference; lastKnownFileType = file.storyboard; name = Base; path = Base.lproj/LaunchScreen.storyboard; sourceTree = "<group>"; };
		4E4501AD2485658200BD3F4E /* Info.plist */ = {isa = PBXFileReference; lastKnownFileType = text.plist.xml; path = Info.plist; sourceTree = "<group>"; };
		4E4501B22485658200BD3F4E /* TicTacToeiOSTests.xctest */ = {isa = PBXFileReference; explicitFileType = wrapper.cfbundle; includeInIndex = 0; path = TicTacToeiOSTests.xctest; sourceTree = BUILT_PRODUCTS_DIR; };
		4E4501B62485658200BD3F4E /* TicTacToeiOSTests.swift */ = {isa = PBXFileReference; lastKnownFileType = sourcecode.swift; path = TicTacToeiOSTests.swift; sourceTree = "<group>"; };
		4E4501B82485658200BD3F4E /* Info.plist */ = {isa = PBXFileReference; lastKnownFileType = text.plist.xml; path = Info.plist; sourceTree = "<group>"; };
		4E4501C12485892400BD3F4E /* Icon.swift */ = {isa = PBXFileReference; lastKnownFileType = sourcecode.swift; path = Icon.swift; sourceTree = "<group>"; };
		4E4501C32485912C00BD3F4E /* Board.swift */ = {isa = PBXFileReference; lastKnownFileType = sourcecode.swift; path = Board.swift; sourceTree = "<group>"; };
		4E4501CA2486A99800BD3F4E /* Game.swift */ = {isa = PBXFileReference; lastKnownFileType = sourcecode.swift; path = Game.swift; sourceTree = "<group>"; };
		4E4501CC2486AB4C00BD3F4E /* BoardTests.swift */ = {isa = PBXFileReference; lastKnownFileType = sourcecode.swift; path = BoardTests.swift; sourceTree = "<group>"; };
		4E4501CE2487255300BD3F4E /* GameTests.swift */ = {isa = PBXFileReference; lastKnownFileType = sourcecode.swift; path = GameTests.swift; sourceTree = "<group>"; };
/* End PBXFileReference section */

/* Begin PBXFrameworksBuildPhase section */
		4E4501992485657F00BD3F4E /* Frameworks */ = {
			isa = PBXFrameworksBuildPhase;
			buildActionMask = 2147483647;
			files = (
			);
			runOnlyForDeploymentPostprocessing = 0;
		};
		4E4501AF2485658200BD3F4E /* Frameworks */ = {
			isa = PBXFrameworksBuildPhase;
			buildActionMask = 2147483647;
			files = (
			);
			runOnlyForDeploymentPostprocessing = 0;
		};
/* End PBXFrameworksBuildPhase section */

/* Begin PBXGroup section */
		4E4501932485657F00BD3F4E = {
			isa = PBXGroup;
			children = (
				4E45019E2485657F00BD3F4E /* TicTacToeiOS */,
				4E4501B52485658200BD3F4E /* TicTacToeiOSTests */,
				4E45019D2485657F00BD3F4E /* Products */,
			);
			sourceTree = "<group>";
		};
		4E45019D2485657F00BD3F4E /* Products */ = {
			isa = PBXGroup;
			children = (
				4E45019C2485657F00BD3F4E /* TicTacToeiOS.app */,
				4E4501B22485658200BD3F4E /* TicTacToeiOSTests.xctest */,
			);
			name = Products;
			sourceTree = "<group>";
		};
		4E45019E2485657F00BD3F4E /* TicTacToeiOS */ = {
			isa = PBXGroup;
			children = (
				4E45019F2485657F00BD3F4E /* AppDelegate.swift */,
				4E4501A12485657F00BD3F4E /* SceneDelegate.swift */,
				4E4501C5248593AD00BD3F4E /* Model */,
				4E4501C6248593FF00BD3F4E /* Controller */,
				4E4501C72485942400BD3F4E /* View */,
				4E4501A82485658200BD3F4E /* Assets.xcassets */,
				4E4501AA2485658200BD3F4E /* LaunchScreen.storyboard */,
				4E4501AD2485658200BD3F4E /* Info.plist */,
			);
			path = TicTacToeiOS;
			sourceTree = "<group>";
		};
		4E4501B52485658200BD3F4E /* TicTacToeiOSTests */ = {
			isa = PBXGroup;
			children = (
				4E4501B62485658200BD3F4E /* TicTacToeiOSTests.swift */,
				4E4501B82485658200BD3F4E /* Info.plist */,
				4E4501CC2486AB4C00BD3F4E /* BoardTests.swift */,
				4E4501CE2487255300BD3F4E /* GameTests.swift */,
			);
			path = TicTacToeiOSTests;
			sourceTree = "<group>";
		};
		4E4501C5248593AD00BD3F4E /* Model */ = {
			isa = PBXGroup;
			children = (
				4E4501C12485892400BD3F4E /* Icon.swift */,
				4E4501C32485912C00BD3F4E /* Board.swift */,
				4E4501CA2486A99800BD3F4E /* Game.swift */,
			);
			path = Model;
			sourceTree = "<group>";
		};
		4E4501C6248593FF00BD3F4E /* Controller */ = {
			isa = PBXGroup;
			children = (
				4E4501A32485657F00BD3F4E /* ViewController.swift */,
			);
			path = Controller;
			sourceTree = "<group>";
		};
		4E4501C72485942400BD3F4E /* View */ = {
			isa = PBXGroup;
			children = (
				4E4501A52485657F00BD3F4E /* Main.storyboard */,
			);
			path = View;
			sourceTree = "<group>";
		};
/* End PBXGroup section */

/* Begin PBXNativeTarget section */
		4E45019B2485657F00BD3F4E /* TicTacToeiOS */ = {
			isa = PBXNativeTarget;
			buildConfigurationList = 4E4501BB2485658200BD3F4E /* Build configuration list for PBXNativeTarget "TicTacToeiOS" */;
			buildPhases = (
				4E4501982485657F00BD3F4E /* Sources */,
				4E4501992485657F00BD3F4E /* Frameworks */,
				4E45019A2485657F00BD3F4E /* Resources */,
			);
			buildRules = (
			);
			dependencies = (
			);
			name = TicTacToeiOS;
			productName = TicTacToeiOS;
			productReference = 4E45019C2485657F00BD3F4E /* TicTacToeiOS.app */;
			productType = "com.apple.product-type.application";
		};
		4E4501B12485658200BD3F4E /* TicTacToeiOSTests */ = {
			isa = PBXNativeTarget;
			buildConfigurationList = 4E4501BE2485658200BD3F4E /* Build configuration list for PBXNativeTarget "TicTacToeiOSTests" */;
			buildPhases = (
				4E4501AE2485658200BD3F4E /* Sources */,
				4E4501AF2485658200BD3F4E /* Frameworks */,
				4E4501B02485658200BD3F4E /* Resources */,
			);
			buildRules = (
			);
			dependencies = (
				4E4501B42485658200BD3F4E /* PBXTargetDependency */,
			);
			name = TicTacToeiOSTests;
			productName = TicTacToeiOSTests;
			productReference = 4E4501B22485658200BD3F4E /* TicTacToeiOSTests.xctest */;
			productType = "com.apple.product-type.bundle.unit-test";
		};
/* End PBXNativeTarget section */

/* Begin PBXProject section */
		4E4501942485657F00BD3F4E /* Project object */ = {
			isa = PBXProject;
			attributes = {
				LastSwiftUpdateCheck = 1150;
				LastUpgradeCheck = 1150;
				ORGANIZATIONNAME = "Keith Maurice";
				TargetAttributes = {
					4E45019B2485657F00BD3F4E = {
						CreatedOnToolsVersion = 11.5;
					};
					4E4501B12485658200BD3F4E = {
						CreatedOnToolsVersion = 11.5;
						TestTargetID = 4E45019B2485657F00BD3F4E;
					};
				};
			};
			buildConfigurationList = 4E4501972485657F00BD3F4E /* Build configuration list for PBXProject "TicTacToeiOS" */;
			compatibilityVersion = "Xcode 9.3";
			developmentRegion = en;
			hasScannedForEncodings = 0;
			knownRegions = (
				en,
				Base,
			);
			mainGroup = 4E4501932485657F00BD3F4E;
			productRefGroup = 4E45019D2485657F00BD3F4E /* Products */;
			projectDirPath = "";
			projectRoot = "";
			targets = (
				4E45019B2485657F00BD3F4E /* TicTacToeiOS */,
				4E4501B12485658200BD3F4E /* TicTacToeiOSTests */,
			);
		};
/* End PBXProject section */

/* Begin PBXResourcesBuildPhase section */
		4E45019A2485657F00BD3F4E /* Resources */ = {
			isa = PBXResourcesBuildPhase;
			buildActionMask = 2147483647;
			files = (
				4E4501AC2485658200BD3F4E /* LaunchScreen.storyboard in Resources */,
				4E4501A92485658200BD3F4E /* Assets.xcassets in Resources */,
				4E4501A72485657F00BD3F4E /* Main.storyboard in Resources */,
			);
			runOnlyForDeploymentPostprocessing = 0;
		};
		4E4501B02485658200BD3F4E /* Resources */ = {
			isa = PBXResourcesBuildPhase;
			buildActionMask = 2147483647;
			files = (
			);
			runOnlyForDeploymentPostprocessing = 0;
		};
/* End PBXResourcesBuildPhase section */

/* Begin PBXSourcesBuildPhase section */
		4E4501982485657F00BD3F4E /* Sources */ = {
			isa = PBXSourcesBuildPhase;
			buildActionMask = 2147483647;
			files = (
				4E4501A42485657F00BD3F4E /* ViewController.swift in Sources */,
				4E4501CB2486A99800BD3F4E /* Game.swift in Sources */,
				4E4501A02485657F00BD3F4E /* AppDelegate.swift in Sources */,
				4E4501C42485912C00BD3F4E /* Board.swift in Sources */,
				4E4501C22485892400BD3F4E /* Icon.swift in Sources */,
				4E4501A22485657F00BD3F4E /* SceneDelegate.swift in Sources */,
			);
			runOnlyForDeploymentPostprocessing = 0;
		};
		4E4501AE2485658200BD3F4E /* Sources */ = {
			isa = PBXSourcesBuildPhase;
			buildActionMask = 2147483647;
			files = (
				4E4501CD2486AB4C00BD3F4E /* BoardTests.swift in Sources */,
				4E4501CF2487255300BD3F4E /* GameTests.swift in Sources */,
				4E4501B72485658200BD3F4E /* TicTacToeiOSTests.swift in Sources */,
			);
			runOnlyForDeploymentPostprocessing = 0;
		};
/* End PBXSourcesBuildPhase section */

/* Begin PBXTargetDependency section */
		4E4501B42485658200BD3F4E /* PBXTargetDependency */ = {
			isa = PBXTargetDependency;
			target = 4E45019B2485657F00BD3F4E /* TicTacToeiOS */;
			targetProxy = 4E4501B32485658200BD3F4E /* PBXContainerItemProxy */;
		};
/* End PBXTargetDependency section */

/* Begin PBXVariantGroup section */
		4E4501A52485657F00BD3F4E /* Main.storyboard */ = {
			isa = PBXVariantGroup;
			children = (
				4E4501A62485657F00BD3F4E /* Base */,
			);
			name = Main.storyboard;
			sourceTree = "<group>";
		};
		4E4501AA2485658200BD3F4E /* LaunchScreen.storyboard */ = {
			isa = PBXVariantGroup;
			children = (
				4E4501AB2485658200BD3F4E /* Base */,
			);
			name = LaunchScreen.storyboard;
			sourceTree = "<group>";
		};
/* End PBXVariantGroup section */

/* Begin XCBuildConfiguration section */
		4E4501B92485658200BD3F4E /* Debug */ = {
			isa = XCBuildConfiguration;
			buildSettings = {
				ALWAYS_SEARCH_USER_PATHS = NO;
				CLANG_ANALYZER_NONNULL = YES;
				CLANG_ANALYZER_NUMBER_OBJECT_CONVERSION = YES_AGGRESSIVE;
				CLANG_CXX_LANGUAGE_STANDARD = "gnu++14";
				CLANG_CXX_LIBRARY = "libc++";
				CLANG_ENABLE_MODULES = YES;
				CLANG_ENABLE_OBJC_ARC = YES;
				CLANG_ENABLE_OBJC_WEAK = YES;
				CLANG_WARN_BLOCK_CAPTURE_AUTORELEASING = YES;
				CLANG_WARN_BOOL_CONVERSION = YES;
				CLANG_WARN_COMMA = YES;
				CLANG_WARN_CONSTANT_CONVERSION = YES;
				CLANG_WARN_DEPRECATED_OBJC_IMPLEMENTATIONS = YES;
				CLANG_WARN_DIRECT_OBJC_ISA_USAGE = YES_ERROR;
				CLANG_WARN_DOCUMENTATION_COMMENTS = YES;
				CLANG_WARN_EMPTY_BODY = YES;
				CLANG_WARN_ENUM_CONVERSION = YES;
				CLANG_WARN_INFINITE_RECURSION = YES;
				CLANG_WARN_INT_CONVERSION = YES;
				CLANG_WARN_NON_LITERAL_NULL_CONVERSION = YES;
				CLANG_WARN_OBJC_IMPLICIT_RETAIN_SELF = YES;
				CLANG_WARN_OBJC_LITERAL_CONVERSION = YES;
				CLANG_WARN_OBJC_ROOT_CLASS = YES_ERROR;
				CLANG_WARN_RANGE_LOOP_ANALYSIS = YES;
				CLANG_WARN_STRICT_PROTOTYPES = YES;
				CLANG_WARN_SUSPICIOUS_MOVE = YES;
				CLANG_WARN_UNGUARDED_AVAILABILITY = YES_AGGRESSIVE;
				CLANG_WARN_UNREACHABLE_CODE = YES;
				CLANG_WARN__DUPLICATE_METHOD_MATCH = YES;
				COPY_PHASE_STRIP = NO;
				DEBUG_INFORMATION_FORMAT = dwarf;
				ENABLE_STRICT_OBJC_MSGSEND = YES;
				ENABLE_TESTABILITY = YES;
				GCC_C_LANGUAGE_STANDARD = gnu11;
				GCC_DYNAMIC_NO_PIC = NO;
				GCC_NO_COMMON_BLOCKS = YES;
				GCC_OPTIMIZATION_LEVEL = 0;
				GCC_PREPROCESSOR_DEFINITIONS = (
					"DEBUG=1",
					"$(inherited)",
				);
				GCC_WARN_64_TO_32_BIT_CONVERSION = YES;
				GCC_WARN_ABOUT_RETURN_TYPE = YES_ERROR;
				GCC_WARN_UNDECLARED_SELECTOR = YES;
				GCC_WARN_UNINITIALIZED_AUTOS = YES_AGGRESSIVE;
				GCC_WARN_UNUSED_FUNCTION = YES;
				GCC_WARN_UNUSED_VARIABLE = YES;
				IPHONEOS_DEPLOYMENT_TARGET = 13.5;
				MTL_ENABLE_DEBUG_INFO = INCLUDE_SOURCE;
				MTL_FAST_MATH = YES;
				ONLY_ACTIVE_ARCH = YES;
				SDKROOT = iphoneos;
				SWIFT_ACTIVE_COMPILATION_CONDITIONS = DEBUG;
				SWIFT_OPTIMIZATION_LEVEL = "-Onone";
			};
			name = Debug;
		};
		4E4501BA2485658200BD3F4E /* Release */ = {
			isa = XCBuildConfiguration;
			buildSettings = {
				ALWAYS_SEARCH_USER_PATHS = NO;
				CLANG_ANALYZER_NONNULL = YES;
				CLANG_ANALYZER_NUMBER_OBJECT_CONVERSION = YES_AGGRESSIVE;
				CLANG_CXX_LANGUAGE_STANDARD = "gnu++14";
				CLANG_CXX_LIBRARY = "libc++";
				CLANG_ENABLE_MODULES = YES;
				CLANG_ENABLE_OBJC_ARC = YES;
				CLANG_ENABLE_OBJC_WEAK = YES;
				CLANG_WARN_BLOCK_CAPTURE_AUTORELEASING = YES;
				CLANG_WARN_BOOL_CONVERSION = YES;
				CLANG_WARN_COMMA = YES;
				CLANG_WARN_CONSTANT_CONVERSION = YES;
				CLANG_WARN_DEPRECATED_OBJC_IMPLEMENTATIONS = YES;
				CLANG_WARN_DIRECT_OBJC_ISA_USAGE = YES_ERROR;
				CLANG_WARN_DOCUMENTATION_COMMENTS = YES;
				CLANG_WARN_EMPTY_BODY = YES;
				CLANG_WARN_ENUM_CONVERSION = YES;
				CLANG_WARN_INFINITE_RECURSION = YES;
				CLANG_WARN_INT_CONVERSION = YES;
				CLANG_WARN_NON_LITERAL_NULL_CONVERSION = YES;
				CLANG_WARN_OBJC_IMPLICIT_RETAIN_SELF = YES;
				CLANG_WARN_OBJC_LITERAL_CONVERSION = YES;
				CLANG_WARN_OBJC_ROOT_CLASS = YES_ERROR;
				CLANG_WARN_RANGE_LOOP_ANALYSIS = YES;
				CLANG_WARN_STRICT_PROTOTYPES = YES;
				CLANG_WARN_SUSPICIOUS_MOVE = YES;
				CLANG_WARN_UNGUARDED_AVAILABILITY = YES_AGGRESSIVE;
				CLANG_WARN_UNREACHABLE_CODE = YES;
				CLANG_WARN__DUPLICATE_METHOD_MATCH = YES;
				COPY_PHASE_STRIP = NO;
				DEBUG_INFORMATION_FORMAT = "dwarf-with-dsym";
				ENABLE_NS_ASSERTIONS = NO;
				ENABLE_STRICT_OBJC_MSGSEND = YES;
				GCC_C_LANGUAGE_STANDARD = gnu11;
				GCC_NO_COMMON_BLOCKS = YES;
				GCC_WARN_64_TO_32_BIT_CONVERSION = YES;
				GCC_WARN_ABOUT_RETURN_TYPE = YES_ERROR;
				GCC_WARN_UNDECLARED_SELECTOR = YES;
				GCC_WARN_UNINITIALIZED_AUTOS = YES_AGGRESSIVE;
				GCC_WARN_UNUSED_FUNCTION = YES;
				GCC_WARN_UNUSED_VARIABLE = YES;
				IPHONEOS_DEPLOYMENT_TARGET = 13.5;
				MTL_ENABLE_DEBUG_INFO = NO;
				MTL_FAST_MATH = YES;
				SDKROOT = iphoneos;
				SWIFT_COMPILATION_MODE = wholemodule;
				SWIFT_OPTIMIZATION_LEVEL = "-O";
				VALIDATE_PRODUCT = YES;
			};
			name = Release;
		};
		4E4501BC2485658200BD3F4E /* Debug */ = {
			isa = XCBuildConfiguration;
			buildSettings = {
				ASSETCATALOG_COMPILER_APPICON_NAME = AppIcon;
				CODE_SIGN_STYLE = Automatic;
				DEVELOPMENT_TEAM = LCPZZL23SV;
				INFOPLIST_FILE = TicTacToeiOS/Info.plist;
				LD_RUNPATH_SEARCH_PATHS = (
					"$(inherited)",
					"@executable_path/Frameworks",
				);
				PRODUCT_BUNDLE_IDENTIFIER = com.keithmaurice.TicTacToeiOS;
				PRODUCT_NAME = "$(TARGET_NAME)";
				SWIFT_VERSION = 5.0;
				TARGETED_DEVICE_FAMILY = "1,2";
			};
			name = Debug;
		};
		4E4501BD2485658200BD3F4E /* Release */ = {
			isa = XCBuildConfiguration;
			buildSettings = {
				ASSETCATALOG_COMPILER_APPICON_NAME = AppIcon;
				CODE_SIGN_STYLE = Automatic;
				DEVELOPMENT_TEAM = LCPZZL23SV;
				INFOPLIST_FILE = TicTacToeiOS/Info.plist;
				LD_RUNPATH_SEARCH_PATHS = (
					"$(inherited)",
					"@executable_path/Frameworks",
				);
				PRODUCT_BUNDLE_IDENTIFIER = com.keithmaurice.TicTacToeiOS;
				PRODUCT_NAME = "$(TARGET_NAME)";
				SWIFT_VERSION = 5.0;
				TARGETED_DEVICE_FAMILY = "1,2";
			};
			name = Release;
		};
		4E4501BF2485658200BD3F4E /* Debug */ = {
			isa = XCBuildConfiguration;
			buildSettings = {
				ALWAYS_EMBED_SWIFT_STANDARD_LIBRARIES = YES;
				BUNDLE_LOADER = "$(TEST_HOST)";
				CODE_SIGN_STYLE = Automatic;
				DEVELOPMENT_TEAM = LCPZZL23SV;
				INFOPLIST_FILE = TicTacToeiOSTests/Info.plist;
				IPHONEOS_DEPLOYMENT_TARGET = 13.5;
				LD_RUNPATH_SEARCH_PATHS = (
					"$(inherited)",
					"@executable_path/Frameworks",
					"@loader_path/Frameworks",
				);
				PRODUCT_BUNDLE_IDENTIFIER = com.keithmaurice.TicTacToeiOSTests;
				PRODUCT_NAME = "$(TARGET_NAME)";
				SWIFT_VERSION = 5.0;
				TARGETED_DEVICE_FAMILY = "1,2";
				TEST_HOST = "$(BUILT_PRODUCTS_DIR)/TicTacToeiOS.app/TicTacToeiOS";
			};
			name = Debug;
		};
		4E4501C02485658200BD3F4E /* Release */ = {
			isa = XCBuildConfiguration;
			buildSettings = {
				ALWAYS_EMBED_SWIFT_STANDARD_LIBRARIES = YES;
				BUNDLE_LOADER = "$(TEST_HOST)";
				CODE_SIGN_STYLE = Automatic;
				DEVELOPMENT_TEAM = LCPZZL23SV;
				INFOPLIST_FILE = TicTacToeiOSTests/Info.plist;
				IPHONEOS_DEPLOYMENT_TARGET = 13.5;
				LD_RUNPATH_SEARCH_PATHS = (
					"$(inherited)",
					"@executable_path/Frameworks",
					"@loader_path/Frameworks",
				);
				PRODUCT_BUNDLE_IDENTIFIER = com.keithmaurice.TicTacToeiOSTests;
				PRODUCT_NAME = "$(TARGET_NAME)";
				SWIFT_VERSION = 5.0;
				TARGETED_DEVICE_FAMILY = "1,2";
				TEST_HOST = "$(BUILT_PRODUCTS_DIR)/TicTacToeiOS.app/TicTacToeiOS";
			};
			name = Release;
		};
/* End XCBuildConfiguration section */

/* Begin XCConfigurationList section */
		4E4501972485657F00BD3F4E /* Build configuration list for PBXProject "TicTacToeiOS" */ = {
			isa = XCConfigurationList;
			buildConfigurations = (
				4E4501B92485658200BD3F4E /* Debug */,
				4E4501BA2485658200BD3F4E /* Release */,
			);
			defaultConfigurationIsVisible = 0;
			defaultConfigurationName = Release;
		};
		4E4501BB2485658200BD3F4E /* Build configuration list for PBXNativeTarget "TicTacToeiOS" */ = {
			isa = XCConfigurationList;
			buildConfigurations = (
				4E4501BC2485658200BD3F4E /* Debug */,
				4E4501BD2485658200BD3F4E /* Release */,
			);
			defaultConfigurationIsVisible = 0;
			defaultConfigurationName = Release;
		};
		4E4501BE2485658200BD3F4E /* Build configuration list for PBXNativeTarget "TicTacToeiOSTests" */ = {
			isa = XCConfigurationList;
			buildConfigurations = (
				4E4501BF2485658200BD3F4E /* Debug */,
				4E4501C02485658200BD3F4E /* Release */,
			);
			defaultConfigurationIsVisible = 0;
			defaultConfigurationName = Release;
		};
/* End XCConfigurationList section */
	};
	rootObject = 4E4501942485657F00BD3F4E /* Project object */;
}
